{
  "object": {
    "pins": [
      {
        "package": "Angelo",
        "repositoryURL": "https://github.com/enzomaruffa/Angelo",
        "state": {
          "branch": null,
          "revision": "7957718de853cb1a67db3358a2a2c93225f7bb49",
          "version": "0.1.6"
        }
      },
      {
        "package": "IQKeyboardManagerSwift",
        "repositoryURL": "https://github.com/hackiftekhar/IQKeyboardManager",
        "state": {
          "branch": null,
          "revision": "4dc6bc7d1c9747bd0c261c8c055903f9fdef91f7",
          "version": "6.5.6"
        }
      },
      {
        "package": "SnapKit",
        "repositoryURL": "https://github.com/SnapKit/SnapKit",
        "state": {
          "branch": null,
          "revision": "d458564516e5676af9c70b4f4b2a9178294f1bc6",
          "version": "5.0.1"
        }
      }
    ]
  },
  "version": 1
}
