// !$*UTF8*$!
{
	archiveVersion = 1;
	classes = {
	};
	objectVersion = 55;
	objects = {

/* Begin PBXBuildFile section */
		6113B27227072CD700EF95EB /* GeneratorStepperView.swift in Sources */ = {isa = PBXBuildFile; fileRef = 6113B27127072CD700EF95EB /* GeneratorStepperView.swift */; };
		6113B274270733DD00EF95EB /* GeneratorRotationView.swift in Sources */ = {isa = PBXBuildFile; fileRef = 6113B273270733DD00EF95EB /* GeneratorRotationView.swift */; };
		6113B27627073BF400EF95EB /* GeneratorColorsView.swift in Sources */ = {isa = PBXBuildFile; fileRef = 6113B27527073BF400EF95EB /* GeneratorColorsView.swift */; };
		6113B27827074B7700EF95EB /* UIColor+.swift in Sources */ = {isa = PBXBuildFile; fileRef = 6113B27727074B7700EF95EB /* UIColor+.swift */; };
		611D037727034FD500427DD6 /* HomeButtonView.swift in Sources */ = {isa = PBXBuildFile; fileRef = 611D037627034FD500427DD6 /* HomeButtonView.swift */; };
		611D037B27037BF200427DD6 /* GeneratorViewController.swift in Sources */ = {isa = PBXBuildFile; fileRef = 611D037A27037BF200427DD6 /* GeneratorViewController.swift */; };
		611D037D27037C1B00427DD6 /* GeneratorContentView.swift in Sources */ = {isa = PBXBuildFile; fileRef = 611D037C27037C1B00427DD6 /* GeneratorContentView.swift */; };
		611D03872703B70700427DD6 /* GalleryViewController.swift in Sources */ = {isa = PBXBuildFile; fileRef = 611D03862703B70700427DD6 /* GalleryViewController.swift */; };
		61E577262703BBBC006B6952 /* GalleryCollectionViewCell.swift in Sources */ = {isa = PBXBuildFile; fileRef = 61E577252703BBBC006B6952 /* GalleryCollectionViewCell.swift */; };
		61E5772927053506006B6952 /* Angelo in Frameworks */ = {isa = PBXBuildFile; productRef = 61E5772827053506006B6952 /* Angelo */; };
		61E5772E27054262006B6952 /* Renderer.swift in Sources */ = {isa = PBXBuildFile; fileRef = 61E5772D27054262006B6952 /* Renderer.swift */; };
		61E5773127054CCD006B6952 /* CGPoint+.swift in Sources */ = {isa = PBXBuildFile; fileRef = 61E5773027054CCD006B6952 /* CGPoint+.swift */; };
		61E5773327055338006B6952 /* CGPath+.swift in Sources */ = {isa = PBXBuildFile; fileRef = 61E5773227055338006B6952 /* CGPath+.swift */; };
		61E5773827065912006B6952 /* IQKeyboardManagerSwift in Frameworks */ = {isa = PBXBuildFile; productRef = 61E5773727065912006B6952 /* IQKeyboardManagerSwift */; };
		61E5773A2706AF5A006B6952 /* GeneratorTextFieldView.swift in Sources */ = {isa = PBXBuildFile; fileRef = 61E577392706AF5A006B6952 /* GeneratorTextFieldView.swift */; };
		61E7FB09270336D100A56703 /* AppDelegate.swift in Sources */ = {isa = PBXBuildFile; fileRef = 61E7FB08270336D100A56703 /* AppDelegate.swift */; };
		61E7FB0B270336D100A56703 /* SceneDelegate.swift in Sources */ = {isa = PBXBuildFile; fileRef = 61E7FB0A270336D100A56703 /* SceneDelegate.swift */; };
		61E7FB0D270336D100A56703 /* ViewController.swift in Sources */ = {isa = PBXBuildFile; fileRef = 61E7FB0C270336D100A56703 /* ViewController.swift */; };
		61E7FB12270336D600A56703 /* Assets.xcassets in Resources */ = {isa = PBXBuildFile; fileRef = 61E7FB11270336D600A56703 /* Assets.xcassets */; };
		61E7FB1E270342CC00A56703 /* HomeViewController.swift in Sources */ = {isa = PBXBuildFile; fileRef = 61E7FB1D270342CC00A56703 /* HomeViewController.swift */; };
		61E7FB202703436500A56703 /* HomeContentView.swift in Sources */ = {isa = PBXBuildFile; fileRef = 61E7FB1F2703436500A56703 /* HomeContentView.swift */; };
		61E7FB23270343E400A56703 /* SnapKit in Frameworks */ = {isa = PBXBuildFile; productRef = 61E7FB22270343E400A56703 /* SnapKit */; };
/* End PBXBuildFile section */

/* Begin PBXFileReference section */
		6113B27127072CD700EF95EB /* GeneratorStepperView.swift */ = {isa = PBXFileReference; lastKnownFileType = sourcecode.swift; path = GeneratorStepperView.swift; sourceTree = "<group>"; };
		6113B273270733DD00EF95EB /* GeneratorRotationView.swift */ = {isa = PBXFileReference; lastKnownFileType = sourcecode.swift; path = GeneratorRotationView.swift; sourceTree = "<group>"; };
		6113B27527073BF400EF95EB /* GeneratorColorsView.swift */ = {isa = PBXFileReference; lastKnownFileType = sourcecode.swift; path = GeneratorColorsView.swift; sourceTree = "<group>"; };
		6113B27727074B7700EF95EB /* UIColor+.swift */ = {isa = PBXFileReference; lastKnownFileType = sourcecode.swift; path = "UIColor+.swift"; sourceTree = "<group>"; };
		611D037627034FD500427DD6 /* HomeButtonView.swift */ = {isa = PBXFileReference; lastKnownFileType = sourcecode.swift; path = HomeButtonView.swift; sourceTree = "<group>"; };
		611D037A27037BF200427DD6 /* GeneratorViewController.swift */ = {isa = PBXFileReference; lastKnownFileType = sourcecode.swift; path = GeneratorViewController.swift; sourceTree = "<group>"; };
		611D037C27037C1B00427DD6 /* GeneratorContentView.swift */ = {isa = PBXFileReference; lastKnownFileType = sourcecode.swift; path = GeneratorContentView.swift; sourceTree = "<group>"; };
		611D03862703B70700427DD6 /* GalleryViewController.swift */ = {isa = PBXFileReference; lastKnownFileType = sourcecode.swift; path = GalleryViewController.swift; sourceTree = "<group>"; };
		61E577252703BBBC006B6952 /* GalleryCollectionViewCell.swift */ = {isa = PBXFileReference; lastKnownFileType = sourcecode.swift; path = GalleryCollectionViewCell.swift; sourceTree = "<group>"; };
		61E5772D27054262006B6952 /* Renderer.swift */ = {isa = PBXFileReference; lastKnownFileType = sourcecode.swift; path = Renderer.swift; sourceTree = "<group>"; };
		61E5773027054CCD006B6952 /* CGPoint+.swift */ = {isa = PBXFileReference; lastKnownFileType = sourcecode.swift; path = "CGPoint+.swift"; sourceTree = "<group>"; };
		61E5773227055338006B6952 /* CGPath+.swift */ = {isa = PBXFileReference; lastKnownFileType = sourcecode.swift; path = "CGPath+.swift"; sourceTree = "<group>"; };
		61E577392706AF5A006B6952 /* GeneratorTextFieldView.swift */ = {isa = PBXFileReference; lastKnownFileType = sourcecode.swift; path = GeneratorTextFieldView.swift; sourceTree = "<group>"; };
		61E7FB05270336D100A56703 /* L-system-generator.app */ = {isa = PBXFileReference; explicitFileType = wrapper.application; includeInIndex = 0; path = "L-system-generator.app"; sourceTree = BUILT_PRODUCTS_DIR; };
		61E7FB08270336D100A56703 /* AppDelegate.swift */ = {isa = PBXFileReference; lastKnownFileType = sourcecode.swift; path = AppDelegate.swift; sourceTree = "<group>"; };
		61E7FB0A270336D100A56703 /* SceneDelegate.swift */ = {isa = PBXFileReference; lastKnownFileType = sourcecode.swift; path = SceneDelegate.swift; sourceTree = "<group>"; };
		61E7FB0C270336D100A56703 /* ViewController.swift */ = {isa = PBXFileReference; lastKnownFileType = sourcecode.swift; path = ViewController.swift; sourceTree = "<group>"; };
		61E7FB11270336D600A56703 /* Assets.xcassets */ = {isa = PBXFileReference; lastKnownFileType = folder.assetcatalog; path = Assets.xcassets; sourceTree = "<group>"; };
		61E7FB16270336D600A56703 /* Info.plist */ = {isa = PBXFileReference; lastKnownFileType = text.plist.xml; path = Info.plist; sourceTree = "<group>"; };
		61E7FB1D270342CC00A56703 /* HomeViewController.swift */ = {isa = PBXFileReference; lastKnownFileType = sourcecode.swift; path = HomeViewController.swift; sourceTree = "<group>"; };
		61E7FB1F2703436500A56703 /* HomeContentView.swift */ = {isa = PBXFileReference; lastKnownFileType = sourcecode.swift; path = HomeContentView.swift; sourceTree = "<group>"; };
/* End PBXFileReference section */

/* Begin PBXFrameworksBuildPhase section */
		61E7FB02270336D100A56703 /* Frameworks */ = {
			isa = PBXFrameworksBuildPhase;
			buildActionMask = 2147483647;
			files = (
				61E5772927053506006B6952 /* Angelo in Frameworks */,
				61E7FB23270343E400A56703 /* SnapKit in Frameworks */,
				61E5773827065912006B6952 /* IQKeyboardManagerSwift in Frameworks */,
			);
			runOnlyForDeploymentPostprocessing = 0;
		};
/* End PBXFrameworksBuildPhase section */

/* Begin PBXGroup section */
		611D037827037B9700427DD6 /* Generator */ = {
			isa = PBXGroup;
			children = (
				611D037A27037BF200427DD6 /* GeneratorViewController.swift */,
				611D037C27037C1B00427DD6 /* GeneratorContentView.swift */,
				61E577392706AF5A006B6952 /* GeneratorTextFieldView.swift */,
				6113B27127072CD700EF95EB /* GeneratorStepperView.swift */,
				6113B273270733DD00EF95EB /* GeneratorRotationView.swift */,
				6113B27527073BF400EF95EB /* GeneratorColorsView.swift */,
			);
			path = Generator;
			sourceTree = "<group>";
		};
		611D037927037BC100427DD6 /* Views */ = {
			isa = PBXGroup;
			children = (
				61E7FB1C2703429200A56703 /* Home */,
				611D037827037B9700427DD6 /* Generator */,
				611D03852703B6F300427DD6 /* Gallery */,
			);
			path = Views;
			sourceTree = "<group>";
		};
		611D03852703B6F300427DD6 /* Gallery */ = {
			isa = PBXGroup;
			children = (
				611D03862703B70700427DD6 /* GalleryViewController.swift */,
				61E577252703BBBC006B6952 /* GalleryCollectionViewCell.swift */,
			);
			path = Gallery;
			sourceTree = "<group>";
		};
		61E5772C27054235006B6952 /* Renderer */ = {
			isa = PBXGroup;
			children = (
				61E5772D27054262006B6952 /* Renderer.swift */,
			);
			path = Renderer;
			sourceTree = "<group>";
		};
		61E5772F27054CA4006B6952 /* Extensions */ = {
			isa = PBXGroup;
			children = (
				61E5773027054CCD006B6952 /* CGPoint+.swift */,
				61E5773227055338006B6952 /* CGPath+.swift */,
				6113B27727074B7700EF95EB /* UIColor+.swift */,
			);
			path = Extensions;
			sourceTree = "<group>";
		};
		61E7FAFC270336D100A56703 = {
			isa = PBXGroup;
			children = (
				61E7FB07270336D100A56703 /* L-system-generator */,
				61E7FB06270336D100A56703 /* Products */,
			);
			sourceTree = "<group>";
		};
		61E7FB06270336D100A56703 /* Products */ = {
			isa = PBXGroup;
			children = (
				61E7FB05270336D100A56703 /* L-system-generator.app */,
			);
			name = Products;
			sourceTree = "<group>";
		};
		61E7FB07270336D100A56703 /* L-system-generator */ = {
			isa = PBXGroup;
			children = (
				61E7FB08270336D100A56703 /* AppDelegate.swift */,
				61E7FB0A270336D100A56703 /* SceneDelegate.swift */,
				61E7FB0C270336D100A56703 /* ViewController.swift */,
				611D037927037BC100427DD6 /* Views */,
				61E5772C27054235006B6952 /* Renderer */,
				61E5772F27054CA4006B6952 /* Extensions */,
				61E7FB11270336D600A56703 /* Assets.xcassets */,
				61E7FB16270336D600A56703 /* Info.plist */,
			);
			path = "L-system-generator";
			sourceTree = "<group>";
		};
		61E7FB1C2703429200A56703 /* Home */ = {
			isa = PBXGroup;
			children = (
				61E7FB1D270342CC00A56703 /* HomeViewController.swift */,
				61E7FB1F2703436500A56703 /* HomeContentView.swift */,
				611D037627034FD500427DD6 /* HomeButtonView.swift */,
			);
			path = Home;
			sourceTree = "<group>";
		};
/* End PBXGroup section */

/* Begin PBXNativeTarget section */
		61E7FB04270336D100A56703 /* L-system-generator */ = {
			isa = PBXNativeTarget;
			buildConfigurationList = 61E7FB19270336D600A56703 /* Build configuration list for PBXNativeTarget "L-system-generator" */;
			buildPhases = (
				61E7FB01270336D100A56703 /* Sources */,
				61E7FB02270336D100A56703 /* Frameworks */,
				61E7FB03270336D100A56703 /* Resources */,
			);
			buildRules = (
			);
			dependencies = (
			);
			name = "L-system-generator";
			packageProductDependencies = (
				61E7FB22270343E400A56703 /* SnapKit */,
				61E5772827053506006B6952 /* Angelo */,
				61E5773727065912006B6952 /* IQKeyboardManagerSwift */,
			);
			productName = "L-system-generator";
			productReference = 61E7FB05270336D100A56703 /* L-system-generator.app */;
			productType = "com.apple.product-type.application";
		};
/* End PBXNativeTarget section */

/* Begin PBXProject section */
		61E7FAFD270336D100A56703 /* Project object */ = {
			isa = PBXProject;
			attributes = {
				BuildIndependentTargetsInParallel = 1;
				LastSwiftUpdateCheck = 1300;
				LastUpgradeCheck = 1300;
				TargetAttributes = {
					61E7FB04270336D100A56703 = {
						CreatedOnToolsVersion = 13.0;
					};
				};
			};
			buildConfigurationList = 61E7FB00270336D100A56703 /* Build configuration list for PBXProject "L-system-generator" */;
			compatibilityVersion = "Xcode 13.0";
			developmentRegion = en;
			hasScannedForEncodings = 0;
			knownRegions = (
				en,
				Base,
			);
			mainGroup = 61E7FAFC270336D100A56703;
			packageReferences = (
				61E7FB21270343E400A56703 /* XCRemoteSwiftPackageReference "SnapKit" */,
				61E5772727053506006B6952 /* XCRemoteSwiftPackageReference "Angelo" */,
				61E5773627065912006B6952 /* XCRemoteSwiftPackageReference "IQKeyboardManager" */,
			);
			productRefGroup = 61E7FB06270336D100A56703 /* Products */;
			projectDirPath = "";
			projectRoot = "";
			targets = (
				61E7FB04270336D100A56703 /* L-system-generator */,
			);
		};
/* End PBXProject section */

/* Begin PBXResourcesBuildPhase section */
		61E7FB03270336D100A56703 /* Resources */ = {
			isa = PBXResourcesBuildPhase;
			buildActionMask = 2147483647;
			files = (
				61E7FB12270336D600A56703 /* Assets.xcassets in Resources */,
			);
			runOnlyForDeploymentPostprocessing = 0;
		};
/* End PBXResourcesBuildPhase section */

/* Begin PBXSourcesBuildPhase section */
		61E7FB01270336D100A56703 /* Sources */ = {
			isa = PBXSourcesBuildPhase;
			buildActionMask = 2147483647;
			files = (
				61E7FB0D270336D100A56703 /* ViewController.swift in Sources */,
				611D03872703B70700427DD6 /* GalleryViewController.swift in Sources */,
				61E7FB09270336D100A56703 /* AppDelegate.swift in Sources */,
				6113B27227072CD700EF95EB /* GeneratorStepperView.swift in Sources */,
				61E5773327055338006B6952 /* CGPath+.swift in Sources */,
				611D037D27037C1B00427DD6 /* GeneratorContentView.swift in Sources */,
				61E5772E27054262006B6952 /* Renderer.swift in Sources */,
				61E7FB0B270336D100A56703 /* SceneDelegate.swift in Sources */,
				6113B274270733DD00EF95EB /* GeneratorRotationView.swift in Sources */,
				6113B27627073BF400EF95EB /* GeneratorColorsView.swift in Sources */,
				61E5773A2706AF5A006B6952 /* GeneratorTextFieldView.swift in Sources */,
				611D037B27037BF200427DD6 /* GeneratorViewController.swift in Sources */,
				61E7FB202703436500A56703 /* HomeContentView.swift in Sources */,
				61E5773127054CCD006B6952 /* CGPoint+.swift in Sources */,
				611D037727034FD500427DD6 /* HomeButtonView.swift in Sources */,
				61E577262703BBBC006B6952 /* GalleryCollectionViewCell.swift in Sources */,
				61E7FB1E270342CC00A56703 /* HomeViewController.swift in Sources */,
				6113B27827074B7700EF95EB /* UIColor+.swift in Sources */,
			);
			runOnlyForDeploymentPostprocessing = 0;
		};
/* End PBXSourcesBuildPhase section */

/* Begin XCBuildConfiguration section */
		61E7FB17270336D600A56703 /* Debug */ = {
			isa = XCBuildConfiguration;
			buildSettings = {
				ALWAYS_SEARCH_USER_PATHS = NO;
				CLANG_ANALYZER_NONNULL = YES;
				CLANG_ANALYZER_NUMBER_OBJECT_CONVERSION = YES_AGGRESSIVE;
				CLANG_CXX_LANGUAGE_STANDARD = "gnu++17";
				CLANG_CXX_LIBRARY = "libc++";
				CLANG_ENABLE_MODULES = YES;
				CLANG_ENABLE_OBJC_ARC = YES;
				CLANG_ENABLE_OBJC_WEAK = YES;
				CLANG_WARN_BLOCK_CAPTURE_AUTORELEASING = YES;
				CLANG_WARN_BOOL_CONVERSION = YES;
				CLANG_WARN_COMMA = YES;
				CLANG_WARN_CONSTANT_CONVERSION = YES;
				CLANG_WARN_DEPRECATED_OBJC_IMPLEMENTATIONS = YES;
				CLANG_WARN_DIRECT_OBJC_ISA_USAGE = YES_ERROR;
				CLANG_WARN_DOCUMENTATION_COMMENTS = YES;
				CLANG_WARN_EMPTY_BODY = YES;
				CLANG_WARN_ENUM_CONVERSION = YES;
				CLANG_WARN_INFINITE_RECURSION = YES;
				CLANG_WARN_INT_CONVERSION = YES;
				CLANG_WARN_NON_LITERAL_NULL_CONVERSION = YES;
				CLANG_WARN_OBJC_IMPLICIT_RETAIN_SELF = YES;
				CLANG_WARN_OBJC_LITERAL_CONVERSION = YES;
				CLANG_WARN_OBJC_ROOT_CLASS = YES_ERROR;
				CLANG_WARN_QUOTED_INCLUDE_IN_FRAMEWORK_HEADER = YES;
				CLANG_WARN_RANGE_LOOP_ANALYSIS = YES;
				CLANG_WARN_STRICT_PROTOTYPES = YES;
				CLANG_WARN_SUSPICIOUS_MOVE = YES;
				CLANG_WARN_UNGUARDED_AVAILABILITY = YES_AGGRESSIVE;
				CLANG_WARN_UNREACHABLE_CODE = YES;
				CLANG_WARN__DUPLICATE_METHOD_MATCH = YES;
				COPY_PHASE_STRIP = NO;
				DEBUG_INFORMATION_FORMAT = dwarf;
				ENABLE_STRICT_OBJC_MSGSEND = YES;
				ENABLE_TESTABILITY = YES;
				GCC_C_LANGUAGE_STANDARD = gnu11;
				GCC_DYNAMIC_NO_PIC = NO;
				GCC_NO_COMMON_BLOCKS = YES;
				GCC_OPTIMIZATION_LEVEL = 0;
				GCC_PREPROCESSOR_DEFINITIONS = (
					"DEBUG=1",
					"$(inherited)",
				);
				GCC_WARN_64_TO_32_BIT_CONVERSION = YES;
				GCC_WARN_ABOUT_RETURN_TYPE = YES_ERROR;
				GCC_WARN_UNDECLARED_SELECTOR = YES;
				GCC_WARN_UNINITIALIZED_AUTOS = YES_AGGRESSIVE;
				GCC_WARN_UNUSED_FUNCTION = YES;
				GCC_WARN_UNUSED_VARIABLE = YES;
				IPHONEOS_DEPLOYMENT_TARGET = 15.0;
				MTL_ENABLE_DEBUG_INFO = INCLUDE_SOURCE;
				MTL_FAST_MATH = YES;
				ONLY_ACTIVE_ARCH = YES;
				SDKROOT = iphoneos;
				SWIFT_ACTIVE_COMPILATION_CONDITIONS = DEBUG;
				SWIFT_OPTIMIZATION_LEVEL = "-Onone";
			};
			name = Debug;
		};
		61E7FB18270336D600A56703 /* Release */ = {
			isa = XCBuildConfiguration;
			buildSettings = {
				ALWAYS_SEARCH_USER_PATHS = NO;
				CLANG_ANALYZER_NONNULL = YES;
				CLANG_ANALYZER_NUMBER_OBJECT_CONVERSION = YES_AGGRESSIVE;
				CLANG_CXX_LANGUAGE_STANDARD = "gnu++17";
				CLANG_CXX_LIBRARY = "libc++";
				CLANG_ENABLE_MODULES = YES;
				CLANG_ENABLE_OBJC_ARC = YES;
				CLANG_ENABLE_OBJC_WEAK = YES;
				CLANG_WARN_BLOCK_CAPTURE_AUTORELEASING = YES;
				CLANG_WARN_BOOL_CONVERSION = YES;
				CLANG_WARN_COMMA = YES;
				CLANG_WARN_CONSTANT_CONVERSION = YES;
				CLANG_WARN_DEPRECATED_OBJC_IMPLEMENTATIONS = YES;
				CLANG_WARN_DIRECT_OBJC_ISA_USAGE = YES_ERROR;
				CLANG_WARN_DOCUMENTATION_COMMENTS = YES;
				CLANG_WARN_EMPTY_BODY = YES;
				CLANG_WARN_ENUM_CONVERSION = YES;
				CLANG_WARN_INFINITE_RECURSION = YES;
				CLANG_WARN_INT_CONVERSION = YES;
				CLANG_WARN_NON_LITERAL_NULL_CONVERSION = YES;
				CLANG_WARN_OBJC_IMPLICIT_RETAIN_SELF = YES;
				CLANG_WARN_OBJC_LITERAL_CONVERSION = YES;
				CLANG_WARN_OBJC_ROOT_CLASS = YES_ERROR;
				CLANG_WARN_QUOTED_INCLUDE_IN_FRAMEWORK_HEADER = YES;
				CLANG_WARN_RANGE_LOOP_ANALYSIS = YES;
				CLANG_WARN_STRICT_PROTOTYPES = YES;
				CLANG_WARN_SUSPICIOUS_MOVE = YES;
				CLANG_WARN_UNGUARDED_AVAILABILITY = YES_AGGRESSIVE;
				CLANG_WARN_UNREACHABLE_CODE = YES;
				CLANG_WARN__DUPLICATE_METHOD_MATCH = YES;
				COPY_PHASE_STRIP = NO;
				DEBUG_INFORMATION_FORMAT = "dwarf-with-dsym";
				ENABLE_NS_ASSERTIONS = NO;
				ENABLE_STRICT_OBJC_MSGSEND = YES;
				GCC_C_LANGUAGE_STANDARD = gnu11;
				GCC_NO_COMMON_BLOCKS = YES;
				GCC_WARN_64_TO_32_BIT_CONVERSION = YES;
				GCC_WARN_ABOUT_RETURN_TYPE = YES_ERROR;
				GCC_WARN_UNDECLARED_SELECTOR = YES;
				GCC_WARN_UNINITIALIZED_AUTOS = YES_AGGRESSIVE;
				GCC_WARN_UNUSED_FUNCTION = YES;
				GCC_WARN_UNUSED_VARIABLE = YES;
				IPHONEOS_DEPLOYMENT_TARGET = 15.0;
				MTL_ENABLE_DEBUG_INFO = NO;
				MTL_FAST_MATH = YES;
				SDKROOT = iphoneos;
				SWIFT_COMPILATION_MODE = wholemodule;
				SWIFT_OPTIMIZATION_LEVEL = "-O";
				VALIDATE_PRODUCT = YES;
			};
			name = Release;
		};
		61E7FB1A270336D600A56703 /* Debug */ = {
			isa = XCBuildConfiguration;
			buildSettings = {
				ASSETCATALOG_COMPILER_APPICON_NAME = AppIcon;
				ASSETCATALOG_COMPILER_GLOBAL_ACCENT_COLOR_NAME = AccentColor;
				CODE_SIGN_STYLE = Automatic;
				CURRENT_PROJECT_VERSION = 1;
				DEVELOPMENT_TEAM = 46LT924HJ5;
				GENERATE_INFOPLIST_FILE = YES;
				INFOPLIST_FILE = "L-system-generator/Info.plist";
				INFOPLIST_KEY_UIApplicationSupportsIndirectInputEvents = YES;
				INFOPLIST_KEY_UILaunchStoryboardName = LaunchScreen;
				INFOPLIST_KEY_UISupportedInterfaceOrientations_iPad = "UIInterfaceOrientationPortrait UIInterfaceOrientationPortraitUpsideDown UIInterfaceOrientationLandscapeLeft UIInterfaceOrientationLandscapeRight";
				INFOPLIST_KEY_UISupportedInterfaceOrientations_iPhone = "UIInterfaceOrientationPortrait UIInterfaceOrientationLandscapeLeft UIInterfaceOrientationLandscapeRight";
				LD_RUNPATH_SEARCH_PATHS = (
					"$(inherited)",
					"@executable_path/Frameworks",
				);
				MARKETING_VERSION = 1.0;
				PRODUCT_BUNDLE_IDENTIFIER = "andre.L-system-generator";
				PRODUCT_NAME = "$(TARGET_NAME)";
				SWIFT_EMIT_LOC_STRINGS = YES;
				SWIFT_VERSION = 5.0;
				TARGETED_DEVICE_FAMILY = "1,2";
			};
			name = Debug;
		};
		61E7FB1B270336D600A56703 /* Release */ = {
			isa = XCBuildConfiguration;
			buildSettings = {
				ASSETCATALOG_COMPILER_APPICON_NAME = AppIcon;
				ASSETCATALOG_COMPILER_GLOBAL_ACCENT_COLOR_NAME = AccentColor;
				CODE_SIGN_STYLE = Automatic;
				CURRENT_PROJECT_VERSION = 1;
				DEVELOPMENT_TEAM = 46LT924HJ5;
				GENERATE_INFOPLIST_FILE = YES;
				INFOPLIST_FILE = "L-system-generator/Info.plist";
				INFOPLIST_KEY_UIApplicationSupportsIndirectInputEvents = YES;
				INFOPLIST_KEY_UILaunchStoryboardName = LaunchScreen;
				INFOPLIST_KEY_UISupportedInterfaceOrientations_iPad = "UIInterfaceOrientationPortrait UIInterfaceOrientationPortraitUpsideDown UIInterfaceOrientationLandscapeLeft UIInterfaceOrientationLandscapeRight";
				INFOPLIST_KEY_UISupportedInterfaceOrientations_iPhone = "UIInterfaceOrientationPortrait UIInterfaceOrientationLandscapeLeft UIInterfaceOrientationLandscapeRight";
				LD_RUNPATH_SEARCH_PATHS = (
					"$(inherited)",
					"@executable_path/Frameworks",
				);
				MARKETING_VERSION = 1.0;
				PRODUCT_BUNDLE_IDENTIFIER = "andre.L-system-generator";
				PRODUCT_NAME = "$(TARGET_NAME)";
				SWIFT_EMIT_LOC_STRINGS = YES;
				SWIFT_VERSION = 5.0;
				TARGETED_DEVICE_FAMILY = "1,2";
			};
			name = Release;
		};
/* End XCBuildConfiguration section */

/* Begin XCConfigurationList section */
		61E7FB00270336D100A56703 /* Build configuration list for PBXProject "L-system-generator" */ = {
			isa = XCConfigurationList;
			buildConfigurations = (
				61E7FB17270336D600A56703 /* Debug */,
				61E7FB18270336D600A56703 /* Release */,
			);
			defaultConfigurationIsVisible = 0;
			defaultConfigurationName = Release;
		};
		61E7FB19270336D600A56703 /* Build configuration list for PBXNativeTarget "L-system-generator" */ = {
			isa = XCConfigurationList;
			buildConfigurations = (
				61E7FB1A270336D600A56703 /* Debug */,
				61E7FB1B270336D600A56703 /* Release */,
			);
			defaultConfigurationIsVisible = 0;
			defaultConfigurationName = Release;
		};
/* End XCConfigurationList section */

/* Begin XCRemoteSwiftPackageReference section */
		61E5772727053506006B6952 /* XCRemoteSwiftPackageReference "Angelo" */ = {
			isa = XCRemoteSwiftPackageReference;
			repositoryURL = "https://github.com/enzomaruffa/Angelo";
			requirement = {
				kind = upToNextMajorVersion;
				minimumVersion = 0.1.6;
			};
		};
		61E5773627065912006B6952 /* XCRemoteSwiftPackageReference "IQKeyboardManager" */ = {
			isa = XCRemoteSwiftPackageReference;
			repositoryURL = "https://github.com/hackiftekhar/IQKeyboardManager";
			requirement = {
				kind = upToNextMajorVersion;
				minimumVersion = 6.0.0;
			};
		};
		61E7FB21270343E400A56703 /* XCRemoteSwiftPackageReference "SnapKit" */ = {
			isa = XCRemoteSwiftPackageReference;
			repositoryURL = "https://github.com/SnapKit/SnapKit";
			requirement = {
				kind = upToNextMajorVersion;
				minimumVersion = 5.0.0;
			};
		};
/* End XCRemoteSwiftPackageReference section */

/* Begin XCSwiftPackageProductDependency section */
		61E5772827053506006B6952 /* Angelo */ = {
			isa = XCSwiftPackageProductDependency;
			package = 61E5772727053506006B6952 /* XCRemoteSwiftPackageReference "Angelo" */;
			productName = Angelo;
		};
		61E5773727065912006B6952 /* IQKeyboardManagerSwift */ = {
			isa = XCSwiftPackageProductDependency;
			package = 61E5773627065912006B6952 /* XCRemoteSwiftPackageReference "IQKeyboardManager" */;
			productName = IQKeyboardManagerSwift;
		};
		61E7FB22270343E400A56703 /* SnapKit */ = {
			isa = XCSwiftPackageProductDependency;
			package = 61E7FB21270343E400A56703 /* XCRemoteSwiftPackageReference "SnapKit" */;
			productName = SnapKit;
		};
/* End XCSwiftPackageProductDependency section */
	};
	rootObject = 61E7FAFD270336D100A56703 /* Project object */;
}
